// !$*UTF8*$!
{
	archiveVersion = 1;
	classes = {
	};
	objectVersion = 50;
	objects = {

/* Begin PBXBuildFile section */
		58CFF056225628190095137A /* AppDelegate.swift in Sources */ = {isa = PBXBuildFile; fileRef = 58CFF055225628190095137A /* AppDelegate.swift */; };
		58CFF058225628190095137A /* ExampleTabbarController.swift in Sources */ = {isa = PBXBuildFile; fileRef = 58CFF057225628190095137A /* ExampleTabbarController.swift */; };
		58CFF05B225628190095137A /* Main.storyboard in Resources */ = {isa = PBXBuildFile; fileRef = 58CFF059225628190095137A /* Main.storyboard */; };
		58CFF05D2256281A0095137A /* Assets.xcassets in Resources */ = {isa = PBXBuildFile; fileRef = 58CFF05C2256281A0095137A /* Assets.xcassets */; };
		58CFF0602256281A0095137A /* LaunchScreen.storyboard in Resources */ = {isa = PBXBuildFile; fileRef = 58CFF05E2256281A0095137A /* LaunchScreen.storyboard */; };
		811590C72256724C00F0B3B8 /* UICWaveTabBar.xib in Resources */ = {isa = PBXBuildFile; fileRef = 811590C62256724C00F0B3B8 /* UICWaveTabBar.xib */; };
		811590C9225672C400F0B3B8 /* UICWaveTabBar.swift in Sources */ = {isa = PBXBuildFile; fileRef = 811590C8225672C400F0B3B8 /* UICWaveTabBar.swift */; };
		811590CB22567FC300F0B3B8 /* DataProvider.swift in Sources */ = {isa = PBXBuildFile; fileRef = 811590CA22567FC300F0B3B8 /* DataProvider.swift */; };
/* End PBXBuildFile section */

/* Begin PBXFileReference section */
		58CFF052225628190095137A /* UICWaveTabbar.app */ = {isa = PBXFileReference; explicitFileType = wrapper.application; includeInIndex = 0; path = UICWaveTabbar.app; sourceTree = BUILT_PRODUCTS_DIR; };
		58CFF055225628190095137A /* AppDelegate.swift */ = {isa = PBXFileReference; lastKnownFileType = sourcecode.swift; path = AppDelegate.swift; sourceTree = "<group>"; };
		58CFF057225628190095137A /* ExampleTabbarController.swift */ = {isa = PBXFileReference; lastKnownFileType = sourcecode.swift; path = ExampleTabbarController.swift; sourceTree = "<group>"; };
		58CFF05A225628190095137A /* Base */ = {isa = PBXFileReference; lastKnownFileType = file.storyboard; name = Base; path = Base.lproj/Main.storyboard; sourceTree = "<group>"; };
		58CFF05C2256281A0095137A /* Assets.xcassets */ = {isa = PBXFileReference; lastKnownFileType = folder.assetcatalog; path = Assets.xcassets; sourceTree = "<group>"; };
		58CFF05F2256281A0095137A /* Base */ = {isa = PBXFileReference; lastKnownFileType = file.storyboard; name = Base; path = Base.lproj/LaunchScreen.storyboard; sourceTree = "<group>"; };
		58CFF0612256281A0095137A /* Info.plist */ = {isa = PBXFileReference; lastKnownFileType = text.plist.xml; path = Info.plist; sourceTree = "<group>"; };
		811590C62256724C00F0B3B8 /* UICWaveTabBar.xib */ = {isa = PBXFileReference; lastKnownFileType = file.xib; path = UICWaveTabBar.xib; sourceTree = "<group>"; };
		811590C8225672C400F0B3B8 /* UICWaveTabBar.swift */ = {isa = PBXFileReference; lastKnownFileType = sourcecode.swift; path = UICWaveTabBar.swift; sourceTree = "<group>"; };
		811590CA22567FC300F0B3B8 /* DataProvider.swift */ = {isa = PBXFileReference; lastKnownFileType = sourcecode.swift; path = DataProvider.swift; sourceTree = "<group>"; };
/* End PBXFileReference section */

/* Begin PBXFrameworksBuildPhase section */
		58CFF04F225628190095137A /* Frameworks */ = {
			isa = PBXFrameworksBuildPhase;
			buildActionMask = 2147483647;
			files = (
			);
			runOnlyForDeploymentPostprocessing = 0;
		};
/* End PBXFrameworksBuildPhase section */

/* Begin PBXGroup section */
		58CFF049225628190095137A = {
			isa = PBXGroup;
			children = (
				58CFF054225628190095137A /* UICWaveTabbar */,
				58CFF053225628190095137A /* Products */,
			);
			sourceTree = "<group>";
		};
		58CFF053225628190095137A /* Products */ = {
			isa = PBXGroup;
			children = (
				58CFF052225628190095137A /* UICWaveTabbar.app */,
			);
			name = Products;
			sourceTree = "<group>";
		};
		58CFF054225628190095137A /* UICWaveTabbar */ = {
			isa = PBXGroup;
			children = (
				811590CC2256841200F0B3B8 /* UICWaveTabBar */,
				58CFF055225628190095137A /* AppDelegate.swift */,
				58CFF057225628190095137A /* ExampleTabbarController.swift */,
				811590CA22567FC300F0B3B8 /* DataProvider.swift */,
				58CFF059225628190095137A /* Main.storyboard */,
				58CFF05E2256281A0095137A /* LaunchScreen.storyboard */,
				58CFF05C2256281A0095137A /* Assets.xcassets */,
				58CFF0612256281A0095137A /* Info.plist */,
			);
			path = UICWaveTabbar;
			sourceTree = "<group>";
		};
		811590CC2256841200F0B3B8 /* UICWaveTabBar */ = {
			isa = PBXGroup;
			children = (
				811590C8225672C400F0B3B8 /* UICWaveTabBar.swift */,
				811590C62256724C00F0B3B8 /* UICWaveTabBar.xib */,
			);
			path = UICWaveTabBar;
			sourceTree = "<group>";
		};
/* End PBXGroup section */

/* Begin PBXNativeTarget section */
		58CFF051225628190095137A /* UICWaveTabbar */ = {
			isa = PBXNativeTarget;
			buildConfigurationList = 58CFF0642256281A0095137A /* Build configuration list for PBXNativeTarget "UICWaveTabbar" */;
			buildPhases = (
				58CFF04E225628190095137A /* Sources */,
				58CFF04F225628190095137A /* Frameworks */,
				58CFF050225628190095137A /* Resources */,
			);
			buildRules = (
			);
			dependencies = (
			);
			name = UICWaveTabbar;
			productName = UICWaveTabbar;
			productReference = 58CFF052225628190095137A /* UICWaveTabbar.app */;
			productType = "com.apple.product-type.application";
		};
/* End PBXNativeTarget section */

/* Begin PBXProject section */
		58CFF04A225628190095137A /* Project object */ = {
			isa = PBXProject;
			attributes = {
				LastSwiftUpdateCheck = 1020;
				LastUpgradeCheck = 1020;
				ORGANIZATIONNAME = "Coder ACJHP";
				TargetAttributes = {
					58CFF051225628190095137A = {
						CreatedOnToolsVersion = 10.2;
					};
				};
			};
			buildConfigurationList = 58CFF04D225628190095137A /* Build configuration list for PBXProject "UICWaveTabbar" */;
			compatibilityVersion = "Xcode 9.3";
			developmentRegion = en;
			hasScannedForEncodings = 0;
			knownRegions = (
				en,
				Base,
			);
			mainGroup = 58CFF049225628190095137A;
			productRefGroup = 58CFF053225628190095137A /* Products */;
			projectDirPath = "";
			projectRoot = "";
			targets = (
				58CFF051225628190095137A /* UICWaveTabbar */,
			);
		};
/* End PBXProject section */

/* Begin PBXResourcesBuildPhase section */
		58CFF050225628190095137A /* Resources */ = {
			isa = PBXResourcesBuildPhase;
			buildActionMask = 2147483647;
			files = (
				811590C72256724C00F0B3B8 /* UICWaveTabBar.xib in Resources */,
				58CFF0602256281A0095137A /* LaunchScreen.storyboard in Resources */,
				58CFF05D2256281A0095137A /* Assets.xcassets in Resources */,
				58CFF05B225628190095137A /* Main.storyboard in Resources */,
			);
			runOnlyForDeploymentPostprocessing = 0;
		};
/* End PBXResourcesBuildPhase section */

/* Begin PBXSourcesBuildPhase section */
		58CFF04E225628190095137A /* Sources */ = {
			isa = PBXSourcesBuildPhase;
			buildActionMask = 2147483647;
			files = (
				58CFF058225628190095137A /* ExampleTabbarController.swift in Sources */,
				811590C9225672C400F0B3B8 /* UICWaveTabBar.swift in Sources */,
				811590CB22567FC300F0B3B8 /* DataProvider.swift in Sources */,
				58CFF056225628190095137A /* AppDelegate.swift in Sources */,
			);
			runOnlyForDeploymentPostprocessing = 0;
		};
/* End PBXSourcesBuildPhase section */

/* Begin PBXVariantGroup section */
		58CFF059225628190095137A /* Main.storyboard */ = {
			isa = PBXVariantGroup;
			children = (
				58CFF05A225628190095137A /* Base */,
			);
			name = Main.storyboard;
			sourceTree = "<group>";
		};
		58CFF05E2256281A0095137A /* LaunchScreen.storyboard */ = {
			isa = PBXVariantGroup;
			children = (
				58CFF05F2256281A0095137A /* Base */,
			);
			name = LaunchScreen.storyboard;
			sourceTree = "<group>";
		};
/* End PBXVariantGroup section */

/* Begin XCBuildConfiguration section */
		58CFF0622256281A0095137A /* Debug */ = {
			isa = XCBuildConfiguration;
			buildSettings = {
				ALWAYS_SEARCH_USER_PATHS = NO;
				CLANG_ANALYZER_NONNULL = YES;
				CLANG_ANALYZER_NUMBER_OBJECT_CONVERSION = YES_AGGRESSIVE;
				CLANG_CXX_LANGUAGE_STANDARD = "gnu++14";
				CLANG_CXX_LIBRARY = "libc++";
				CLANG_ENABLE_MODULES = YES;
				CLANG_ENABLE_OBJC_ARC = YES;
				CLANG_ENABLE_OBJC_WEAK = YES;
				CLANG_WARN_BLOCK_CAPTURE_AUTORELEASING = YES;
				CLANG_WARN_BOOL_CONVERSION = YES;
				CLANG_WARN_COMMA = YES;
				CLANG_WARN_CONSTANT_CONVERSION = YES;
				CLANG_WARN_DEPRECATED_OBJC_IMPLEMENTATIONS = YES;
				CLANG_WARN_DIRECT_OBJC_ISA_USAGE = YES_ERROR;
				CLANG_WARN_DOCUMENTATION_COMMENTS = YES;
				CLANG_WARN_EMPTY_BODY = YES;
				CLANG_WARN_ENUM_CONVERSION = YES;
				CLANG_WARN_INFINITE_RECURSION = YES;
				CLANG_WARN_INT_CONVERSION = YES;
				CLANG_WARN_NON_LITERAL_NULL_CONVERSION = YES;
				CLANG_WARN_OBJC_IMPLICIT_RETAIN_SELF = YES;
				CLANG_WARN_OBJC_LITERAL_CONVERSION = YES;
				CLANG_WARN_OBJC_ROOT_CLASS = YES_ERROR;
				CLANG_WARN_RANGE_LOOP_ANALYSIS = YES;
				CLANG_WARN_STRICT_PROTOTYPES = YES;
				CLANG_WARN_SUSPICIOUS_MOVE = YES;
				CLANG_WARN_UNGUARDED_AVAILABILITY = YES_AGGRESSIVE;
				CLANG_WARN_UNREACHABLE_CODE = YES;
				CLANG_WARN__DUPLICATE_METHOD_MATCH = YES;
				CODE_SIGN_IDENTITY = "iPhone Developer";
				COPY_PHASE_STRIP = NO;
				DEBUG_INFORMATION_FORMAT = dwarf;
				ENABLE_STRICT_OBJC_MSGSEND = YES;
				ENABLE_TESTABILITY = YES;
				GCC_C_LANGUAGE_STANDARD = gnu11;
				GCC_DYNAMIC_NO_PIC = NO;
				GCC_NO_COMMON_BLOCKS = YES;
				GCC_OPTIMIZATION_LEVEL = 0;
				GCC_PREPROCESSOR_DEFINITIONS = (
					"DEBUG=1",
					"$(inherited)",
				);
				GCC_WARN_64_TO_32_BIT_CONVERSION = YES;
				GCC_WARN_ABOUT_RETURN_TYPE = YES_ERROR;
				GCC_WARN_UNDECLARED_SELECTOR = YES;
				GCC_WARN_UNINITIALIZED_AUTOS = YES_AGGRESSIVE;
				GCC_WARN_UNUSED_FUNCTION = YES;
				GCC_WARN_UNUSED_VARIABLE = YES;
				IPHONEOS_DEPLOYMENT_TARGET = 12.2;
				MTL_ENABLE_DEBUG_INFO = INCLUDE_SOURCE;
				MTL_FAST_MATH = YES;
				ONLY_ACTIVE_ARCH = YES;
				SDKROOT = iphoneos;
				SWIFT_ACTIVE_COMPILATION_CONDITIONS = DEBUG;
				SWIFT_OPTIMIZATION_LEVEL = "-Onone";
			};
			name = Debug;
		};
		58CFF0632256281A0095137A /* Release */ = {
			isa = XCBuildConfiguration;
			buildSettings = {
				ALWAYS_SEARCH_USER_PATHS = NO;
				CLANG_ANALYZER_NONNULL = YES;
				CLANG_ANALYZER_NUMBER_OBJECT_CONVERSION = YES_AGGRESSIVE;
				CLANG_CXX_LANGUAGE_STANDARD = "gnu++14";
				CLANG_CXX_LIBRARY = "libc++";
				CLANG_ENABLE_MODULES = YES;
				CLANG_ENABLE_OBJC_ARC = YES;
				CLANG_ENABLE_OBJC_WEAK = YES;
				CLANG_WARN_BLOCK_CAPTURE_AUTORELEASING = YES;
				CLANG_WARN_BOOL_CONVERSION = YES;
				CLANG_WARN_COMMA = YES;
				CLANG_WARN_CONSTANT_CONVERSION = YES;
				CLANG_WARN_DEPRECATED_OBJC_IMPLEMENTATIONS = YES;
				CLANG_WARN_DIRECT_OBJC_ISA_USAGE = YES_ERROR;
				CLANG_WARN_DOCUMENTATION_COMMENTS = YES;
				CLANG_WARN_EMPTY_BODY = YES;
				CLANG_WARN_ENUM_CONVERSION = YES;
				CLANG_WARN_INFINITE_RECURSION = YES;
				CLANG_WARN_INT_CONVERSION = YES;
				CLANG_WARN_NON_LITERAL_NULL_CONVERSION = YES;
				CLANG_WARN_OBJC_IMPLICIT_RETAIN_SELF = YES;
				CLANG_WARN_OBJC_LITERAL_CONVERSION = YES;
				CLANG_WARN_OBJC_ROOT_CLASS = YES_ERROR;
				CLANG_WARN_RANGE_LOOP_ANALYSIS = YES;
				CLANG_WARN_STRICT_PROTOTYPES = YES;
				CLANG_WARN_SUSPICIOUS_MOVE = YES;
				CLANG_WARN_UNGUARDED_AVAILABILITY = YES_AGGRESSIVE;
				CLANG_WARN_UNREACHABLE_CODE = YES;
				CLANG_WARN__DUPLICATE_METHOD_MATCH = YES;
				CODE_SIGN_IDENTITY = "iPhone Developer";
				COPY_PHASE_STRIP = NO;
				DEBUG_INFORMATION_FORMAT = "dwarf-with-dsym";
				ENABLE_NS_ASSERTIONS = NO;
				ENABLE_STRICT_OBJC_MSGSEND = YES;
				GCC_C_LANGUAGE_STANDARD = gnu11;
				GCC_NO_COMMON_BLOCKS = YES;
				GCC_WARN_64_TO_32_BIT_CONVERSION = YES;
				GCC_WARN_ABOUT_RETURN_TYPE = YES_ERROR;
				GCC_WARN_UNDECLARED_SELECTOR = YES;
				GCC_WARN_UNINITIALIZED_AUTOS = YES_AGGRESSIVE;
				GCC_WARN_UNUSED_FUNCTION = YES;
				GCC_WARN_UNUSED_VARIABLE = YES;
				IPHONEOS_DEPLOYMENT_TARGET = 12.2;
				MTL_ENABLE_DEBUG_INFO = NO;
				MTL_FAST_MATH = YES;
				SDKROOT = iphoneos;
				SWIFT_COMPILATION_MODE = wholemodule;
				SWIFT_OPTIMIZATION_LEVEL = "-O";
				VALIDATE_PRODUCT = YES;
			};
			name = Release;
		};
		58CFF0652256281A0095137A /* Debug */ = {
			isa = XCBuildConfiguration;
			buildSettings = {
				ASSETCATALOG_COMPILER_APPICON_NAME = AppIcon;
				CODE_SIGN_STYLE = Automatic;
				DEVELOPMENT_TEAM = N26XM7U465;
				INFOPLIST_FILE = UICWaveTabbar/Info.plist;
				IPHONEOS_DEPLOYMENT_TARGET = 10.0;
				LD_RUNPATH_SEARCH_PATHS = (
					"$(inherited)",
					"@executable_path/Frameworks",
				);
				PRODUCT_BUNDLE_IDENTIFIER = com.fitbest.UICCircularDownloadProgressBar;
				PRODUCT_NAME = "$(TARGET_NAME)";
				SWIFT_VERSION = 5.0;
				TARGETED_DEVICE_FAMILY = "1,2";
			};
			name = Debug;
		};
		58CFF0662256281A0095137A /* Release */ = {
			isa = XCBuildConfiguration;
			buildSettings = {
				ASSETCATALOG_COMPILER_APPICON_NAME = AppIcon;
				CODE_SIGN_STYLE = Automatic;
				DEVELOPMENT_TEAM = N26XM7U465;
				INFOPLIST_FILE = UICWaveTabbar/Info.plist;
				IPHONEOS_DEPLOYMENT_TARGET = 10.0;
				LD_RUNPATH_SEARCH_PATHS = (
					"$(inherited)",
					"@executable_path/Frameworks",
				);
				PRODUCT_BUNDLE_IDENTIFIER = com.fitbest.UICCircularDownloadProgressBar;
				PRODUCT_NAME = "$(TARGET_NAME)";
				SWIFT_VERSION = 5.0;
				TARGETED_DEVICE_FAMILY = "1,2";
			};
			name = Release;
		};
/* End XCBuildConfiguration section */

/* Begin XCConfigurationList section */
		58CFF04D225628190095137A /* Build configuration list for PBXProject "UICWaveTabbar" */ = {
			isa = XCConfigurationList;
			buildConfigurations = (
				58CFF0622256281A0095137A /* Debug */,
				58CFF0632256281A0095137A /* Release */,
			);
			defaultConfigurationIsVisible = 0;
			defaultConfigurationName = Release;
		};
		58CFF0642256281A0095137A /* Build configuration list for PBXNativeTarget "UICWaveTabbar" */ = {
			isa = XCConfigurationList;
			buildConfigurations = (
				58CFF0652256281A0095137A /* Debug */,
				58CFF0662256281A0095137A /* Release */,
			);
			defaultConfigurationIsVisible = 0;
			defaultConfigurationName = Release;
		};
/* End XCConfigurationList section */
	};
	rootObject = 58CFF04A225628190095137A /* Project object */;
}
